
Microsoft Visual Studio Solution File, Format Version 12.00
# Visual Studio Version 16
VisualStudioVersion = 16.0.30002.166
MinimumVisualStudioVersion = 10.0.40219.1
Project("{FAE04EC0-301F-11D3-BF4B-00C04F79EFBC}") = "Prototype", "Prototype\Prototype.csproj", "{AA9F19D2-C6AF-4A00-94B0-1AC4CCFE709B}"
EndProject
Global
	GlobalSection(SolutionConfigurationPlatforms) = preSolution
		Debug|Any CPU = Debug|Any CPU
		Release|Any CPU = Release|Any CPU
	EndGlobalSection
	GlobalSection(ProjectConfigurationPlatforms) = postSolution
		{AA9F19D2-C6AF-4A00-94B0-1AC4CCFE709B}.Debug|Any CPU.ActiveCfg = Debug|Any CPU
		{AA9F19D2-C6AF-4A00-94B0-1AC4CCFE709B}.Debug|Any CPU.Build.0 = Debug|Any CPU
		{AA9F19D2-C6AF-4A00-94B0-1AC4CCFE709B}.Release|Any CPU.ActiveCfg = Release|Any CPU
		{AA9F19D2-C6AF-4A00-94B0-1AC4CCFE709B}.Release|Any CPU.Build.0 = Release|Any CPU
	EndGlobalSection
	GlobalSection(SolutionProperties) = preSolution
		HideSolutionNode = FALSE
	EndGlobalSection
	GlobalSection(ExtensibilityGlobals) = postSolution
		SolutionGuid = {FE44C5C3-A16C-46A3-A4F0-05AD75CA0221}
	EndGlobalSection
EndGlobal
